{
  "name": "moviesaboard",
  "version": "0.0.0",
  "lockfileVersion": 3,
  "requires": true,
  "packages": {
    "": {
      "name": "moviesaboard",
      "version": "0.0.0",
      "license": "AGPL-3.0-or-later",
      "workspaces": [
        "packages/*"
      ],
      "dependencies": {
        "hls.js": "^1.6.0"
      },
      "engines": {
        "node": ">=20"
      }
    },
    "node_modules/@moviesaboard/core": {
      "resolved": "packages/core",
      "link": true
    },
    "node_modules/hls.js": {
      "version": "1.7.1",
      "resolved": "https://registry.npmjs.org/hls.js/-/hls.js-1.7.1.tgz",
      "integrity": "sha512-DlzIkeBAS9IIQ432k3BUf3HlwbsR0+trB1i2lDdN2gUkNkrehFurh0/48M5c1/EjlDkdGng1gwZIpwyPxvdZ/g==",
      "license": "Apache-2.0"
    },
    "packages/core": {
      "name": "@moviesaboard/core",
      "version": "0.0.0",
      "license": "AGPL-3.0-or-later",
      "engines": {
        "node": ">=20"
      }
    }
  }
}
